
Microsoft Visual Studio Solution File, Format Version 12.00
# Visual Studio Version 17
VisualStudioVersion = 17.0.31903.59
MinimumVisualStudioVersion = 10.0.40219.1
Project("{FAE04EC0-301F-11D3-BF4B-00C04F79EFBC}") = "Orders.Shared", "Orders.Shared\Orders.Shared.csproj", "{3BCAC4BB-BED6-4F5B-AB3A-9DDA0967C5CB}"
EndProject
Project("{FAE04EC0-301F-11D3-BF4B-00C04F79EFBC}") = "Orders.Frontend", "Orders.Frontend\Orders.Frontend.csproj", "{F13F9A22-2AD5-4BA8-AD14-04F2AF4698B3}"
EndProject
Project("{FAE04EC0-301F-11D3-BF4B-00C04F79EFBC}") = "Orders.Backend", "Orders.Backend\Orders.Backend.csproj", "{059AA2DF-30E1-4B2C-A2A3-2368026AD8BC}"
EndProject
Global
	GlobalSection(SolutionConfigurationPlatforms) = preSolution
		Debug|Any CPU = Debug|Any CPU
		Debug|x64 = Debug|x64
		Debug|x86 = Debug|x86
		Release|Any CPU = Release|Any CPU
		Release|x64 = Release|x64
		Release|x86 = Release|x86
	EndGlobalSection
	GlobalSection(ProjectConfigurationPlatforms) = postSolution
		{3BCAC4BB-BED6-4F5B-AB3A-9DDA0967C5CB}.Debug|Any CPU.ActiveCfg = Debug|Any CPU
		{3BCAC4BB-BED6-4F5B-AB3A-9DDA0967C5CB}.Debug|Any CPU.Build.0 = Debug|Any CPU
		{3BCAC4BB-BED6-4F5B-AB3A-9DDA0967C5CB}.Debug|x64.ActiveCfg = Debug|Any CPU
		{3BCAC4BB-BED6-4F5B-AB3A-9DDA0967C5CB}.Debug|x64.Build.0 = Debug|Any CPU
		{3BCAC4BB-BED6-4F5B-AB3A-9DDA0967C5CB}.Debug|x86.ActiveCfg = Debug|Any CPU
		{3BCAC4BB-BED6-4F5B-AB3A-9DDA0967C5CB}.Debug|x86.Build.0 = Debug|Any CPU
		{3BCAC4BB-BED6-4F5B-AB3A-9DDA0967C5CB}.Release|Any CPU.ActiveCfg = Release|Any CPU
		{3BCAC4BB-BED6-4F5B-AB3A-9DDA0967C5CB}.Release|Any CPU.Build.0 = Release|Any CPU
		{3BCAC4BB-BED6-4F5B-AB3A-9DDA0967C5CB}.Release|x64.ActiveCfg = Release|Any CPU
		{3BCAC4BB-BED6-4F5B-AB3A-9DDA0967C5CB}.Release|x64.Build.0 = Release|Any CPU
		{3BCAC4BB-BED6-4F5B-AB3A-9DDA0967C5CB}.Release|x86.ActiveCfg = Release|Any CPU
		{3BCAC4BB-BED6-4F5B-AB3A-9DDA0967C5CB}.Release|x86.Build.0 = Release|Any CPU
		{F13F9A22-2AD5-4BA8-AD14-04F2AF4698B3}.Debug|Any CPU.ActiveCfg = Debug|Any CPU
		{F13F9A22-2AD5-4BA8-AD14-04F2AF4698B3}.Debug|Any CPU.Build.0 = Debug|Any CPU
		{F13F9A22-2AD5-4BA8-AD14-04F2AF4698B3}.Debug|x64.ActiveCfg = Debug|Any CPU
		{F13F9A22-2AD5-4BA8-AD14-04F2AF4698B3}.Debug|x64.Build.0 = Debug|Any CPU
		{F13F9A22-2AD5-4BA8-AD14-04F2AF4698B3}.Debug|x86.ActiveCfg = Debug|Any CPU
		{F13F9A22-2AD5-4BA8-AD14-04F2AF4698B3}.Debug|x86.Build.0 = Debug|Any CPU
		{F13F9A22-2AD5-4BA8-AD14-04F2AF4698B3}.Release|Any CPU.ActiveCfg = Release|Any CPU
		{F13F9A22-2AD5-4BA8-AD14-04F2AF4698B3}.Release|Any CPU.Build.0 = Release|Any CPU
		{F13F9A22-2AD5-4BA8-AD14-04F2AF4698B3}.Release|x64.ActiveCfg = Release|Any CPU
		{F13F9A22-2AD5-4BA8-AD14-04F2AF4698B3}.Release|x64.Build.0 = Release|Any CPU
		{F13F9A22-2AD5-4BA8-AD14-04F2AF4698B3}.Release|x86.ActiveCfg = Release|Any CPU
		{F13F9A22-2AD5-4BA8-AD14-04F2AF4698B3}.Release|x86.Build.0 = Release|Any CPU
		{059AA2DF-30E1-4B2C-A2A3-2368026AD8BC}.Debug|Any CPU.ActiveCfg = Debug|Any CPU
		{059AA2DF-30E1-4B2C-A2A3-2368026AD8BC}.Debug|Any CPU.Build.0 = Debug|Any CPU
		{059AA2DF-30E1-4B2C-A2A3-2368026AD8BC}.Debug|x64.ActiveCfg = Debug|Any CPU
		{059AA2DF-30E1-4B2C-A2A3-2368026AD8BC}.Debug|x64.Build.0 = Debug|Any CPU
		{059AA2DF-30E1-4B2C-A2A3-2368026AD8BC}.Debug|x86.ActiveCfg = Debug|Any CPU
		{059AA2DF-30E1-4B2C-A2A3-2368026AD8BC}.Debug|x86.Build.0 = Debug|Any CPU
		{059AA2DF-30E1-4B2C-A2A3-2368026AD8BC}.Release|Any CPU.ActiveCfg = Release|Any CPU
		{059AA2DF-30E1-4B2C-A2A3-2368026AD8BC}.Release|Any CPU.Build.0 = Release|Any CPU
		{059AA2DF-30E1-4B2C-A2A3-2368026AD8BC}.Release|x64.ActiveCfg = Release|Any CPU
		{059AA2DF-30E1-4B2C-A2A3-2368026AD8BC}.Release|x64.Build.0 = Release|Any CPU
		{059AA2DF-30E1-4B2C-A2A3-2368026AD8BC}.Release|x86.ActiveCfg = Release|Any CPU
		{059AA2DF-30E1-4B2C-A2A3-2368026AD8BC}.Release|x86.Build.0 = Release|Any CPU
	EndGlobalSection
	GlobalSection(SolutionProperties) = preSolution
		HideSolutionNode = FALSE
	EndGlobalSection
EndGlobal
